github.com/MKwann7/web-engineering-knowledgebase/src/app v0.0.0-20220329144746-20f0d2656eaa h1:S5/+0XG7Q+zcAq9d3Kgf5lAmxJfCPGKEBy6LzbTVVdY=
github.com/MKwann7/web-engineering-knowledgebase/src/app v0.0.0-20220329144746-20f0d2656eaa/go.mod h1:MPq4KegZC16hRXka2dR+R2YIkhTH1TKrbWf4Mzln5fA=
github.com/go-sql-driver/mysql v1.6.0/go.mod h1:DCzpHaOWr8IXmIStZouvnhqoel9Qv2LBy8hT2VhHyBg=
github.com/google/uuid v1.3.0 h1:t6JiXgmwXMjEs8VusXIJk2BXHsn+wx8BZdTaoZ5fu7I=
github.com/google/uuid v1.3.0/go.mod h1:TIyPZe4MgqvfeYDBFedMoGGpEw/LqOeaOT+nhxU+yHo=
github.com/gorilla/mux v1.8.0 h1:i40aqfkR1h2SlN9hojwV5ZA91wcXFOvkdNIeFDP5koI=
github.com/gorilla/mux v1.8.0/go.mod h1:DVbg23sWSpFRCP0SfiEN6jmj59UnW/n46BH5rLB71So=
github.com/gorilla/websocket v1.5.0 h1:PPwGk2jz7EePpoHN/+ClbZu8SPxiqlu12wZP/3sWmnc=
github.com/gorilla/websocket v1.5.0/go.mod h1:YR8l580nyteQvAITg2hZ9XVh4b55+EU/adAjf1fMHhE=
github.com/joho/godotenv v1.4.0 h1:3l4+N6zfMWnkbPEXKng2o2/MR5mSwTrBih4ZEkkz1lg=
github.com/joho/godotenv v1.4.0/go.mod h1:f4LDr5Voq0i2e/R5DDNOoa2zzDfwtkZa6DnEwAbqwq4=
github.com/lib/pq v1.2.0/go.mod h1:5WUZQaWbwv1U+lTReE5YruASi9Al49XbQIvNi/34Woo=
github.com/urfave/negroni v1.0.0 h1:kIimOitoypq34K7TG7DUaJ9kq/N4Ofuwi1sjz0KipXc=
github.com/urfave/negroni v1.0.0/go.mod h1:Meg73S6kFm/4PpbYdq35yYWoCZ9mS/YSx+lKnmiohz4=
